
Microsoft Visual Studio Solution File, Format Version 12.00
# Visual Studio 16
VisualStudioVersion = 16.0.29009.5
MinimumVisualStudioVersion = 10.0.40219.1
Project("{8BC9CEB8-8B4A-11D0-8D11-00A0C91BC942}") = "HideProcessHook", "HideProcessHook\HideProcessHook.vcxproj", "{775F4734-D75B-4180-A0AC-9CF0E26F604B}"
EndProject
Project("{8BC9CEB8-8B4A-11D0-8D11-00A0C91BC942}") = "HideProcessHookTester", "HideProcessHookTester\HideProcessHookTester.vcxproj", "{783A67E9-7233-491C-83C9-E409B4024B89}"
EndProject
Global
	GlobalSection(SolutionConfigurationPlatforms) = preSolution
		Debug|x64 = Debug|x64
		Debug|x86 = Debug|x86
		Release|x64 = Release|x64
		Release|x86 = Release|x86
	EndGlobalSection
	GlobalSection(ProjectConfigurationPlatforms) = postSolution
		{775F4734-D75B-4180-A0AC-9CF0E26F604B}.Debug|x64.ActiveCfg = Debug|x64
		{775F4734-D75B-4180-A0AC-9CF0E26F604B}.Debug|x64.Build.0 = Debug|x64
		{775F4734-D75B-4180-A0AC-9CF0E26F604B}.Debug|x86.ActiveCfg = Debug|Win32
		{775F4734-D75B-4180-A0AC-9CF0E26F604B}.Debug|x86.Build.0 = Debug|Win32
		{775F4734-D75B-4180-A0AC-9CF0E26F604B}.Release|x64.ActiveCfg = Release|x64
		{775F4734-D75B-4180-A0AC-9CF0E26F604B}.Release|x64.Build.0 = Release|x64
		{775F4734-D75B-4180-A0AC-9CF0E26F604B}.Release|x86.ActiveCfg = Release|Win32
		{775F4734-D75B-4180-A0AC-9CF0E26F604B}.Release|x86.Build.0 = Release|Win32
		{783A67E9-7233-491C-83C9-E409B4024B89}.Debug|x64.ActiveCfg = Debug|x64
		{783A67E9-7233-491C-83C9-E409B4024B89}.Debug|x64.Build.0 = Debug|x64
		{783A67E9-7233-491C-83C9-E409B4024B89}.Debug|x86.ActiveCfg = Debug|Win32
		{783A67E9-7233-491C-83C9-E409B4024B89}.Debug|x86.Build.0 = Debug|Win32
		{783A67E9-7233-491C-83C9-E409B4024B89}.Release|x64.ActiveCfg = Release|x64
		{783A67E9-7233-491C-83C9-E409B4024B89}.Release|x64.Build.0 = Release|x64
		{783A67E9-7233-491C-83C9-E409B4024B89}.Release|x86.ActiveCfg = Release|Win32
		{783A67E9-7233-491C-83C9-E409B4024B89}.Release|x86.Build.0 = Release|Win32
	EndGlobalSection
	GlobalSection(SolutionProperties) = preSolution
		HideSolutionNode = FALSE
	EndGlobalSection
	GlobalSection(ExtensibilityGlobals) = postSolution
		SolutionGuid = {CBC32142-6314-41B2-ADFE-296926F17AB4}
	EndGlobalSection
EndGlobal
